
Microsoft Visual Studio Solution File, Format Version 11.00
# Visual Studio 2010
Project("{FAE04EC0-301F-11D3-BF4B-00C04F79EFBC}") = "JONSParser", "JONSParser.csproj", "{D485C0B7-CAEA-4416-AC23-7761FF43548B}"
EndProject
Global
	GlobalSection(SolutionConfigurationPlatforms) = preSolution
		Debug|Any CPU = Debug|Any CPU
		Release|Any CPU = Release|Any CPU
	EndGlobalSection
	GlobalSection(ProjectConfigurationPlatforms) = postSolution
		{D485C0B7-CAEA-4416-AC23-7761FF43548B}.Debug|Any CPU.ActiveCfg = Debug|Any CPU
		{D485C0B7-CAEA-4416-AC23-7761FF43548B}.Debug|Any CPU.Build.0 = Debug|Any CPU
		{D485C0B7-CAEA-4416-AC23-7761FF43548B}.Release|Any CPU.ActiveCfg = Release|Any CPU
		{D485C0B7-CAEA-4416-AC23-7761FF43548B}.Release|Any CPU.Build.0 = Release|Any CPU
	EndGlobalSection
	GlobalSection(SolutionProperties) = preSolution
		HideSolutionNode = FALSE
	EndGlobalSection
EndGlobal
